{
  "name": "flex-js-benchmark",
  "version": "1.0.0",
  "lockfileVersion": 3,
  "requires": true,
  "packages": {
    "": {
      "name": "flex-js-benchmark",
      "version": "1.0.0",
      "dependencies": {
        "chevrotain": "^13.2.0",
        "lex": "^1.7.9",
        "moo": "^0.5.3"
      }
    },
    "node_modules/@chevrotain/cst-dts-gen": {
      "version": "13.2.0",
      "resolved": "https://registry.npmjs.org/@chevrotain/cst-dts-gen/-/cst-dts-gen-13.2.0.tgz",
      "integrity": "sha512-bA9dvWlhAUcHkNwU+8w9yiUxJPlj/Lm3VqS7MD+NbIR/7LmpNLuK/AWNFdCo/T3SK5ND0/UHf3IJvl/Jn/i6yg==",
      "license": "Apache-2.0",
      "dependencies": {
        "@chevrotain/gast": "13.2.0",
        "@chevrotain/types": "13.2.0"
      }
    },
    "node_modules/@chevrotain/gast": {
      "version": "13.2.0",
      "resolved": "https://registry.npmjs.org/@chevrotain/gast/-/gast-13.2.0.tgz",
      "integrity": "sha512-bCARdAsG+eEbOveSXcOAC7pVxA04I1ionzeMOwIYf5NX7SaS7zgn4Dgug2BSqoL+iyKeMNSorQjsFSHJHsCNwg==",
      "license": "Apache-2.0",
      "dependencies": {
        "@chevrotain/types": "13.2.0"
      }
    },
    "node_modules/@chevrotain/regexp-to-ast": {
      "version": "13.2.0",
      "resolved": "https://registry.npmjs.org/@chevrotain/regexp-to-ast/-/regexp-to-ast-13.2.0.tgz",
      "integrity": "sha512-kxpUkLtiaK09ph+dib+Yvm+3sWSnuwlo25gqfKRgTPNmF6H7uW4gVkMjaRdtnN783S9sM6vUNWh9CsxYX4QwKw==",
      "license": "Apache-2.0"
    },
    "node_modules/@chevrotain/types": {
      "version": "13.2.0",
      "resolved": "https://registry.npmjs.org/@chevrotain/types/-/types-13.2.0.tgz",
      "integrity": "sha512-7qrYHRlKfWf2AvBfJi5eVOrKAkbxvMFsy/iIHTGIiApNcEecCaVIdR+mIQhyCBsTDJxBz4JWXHMo6krbhR9hVg==",
      "license": "Apache-2.0"
    },
    "node_modules/@chevrotain/utils": {
      "version": "13.2.0",
      "resolved": "https://registry.npmjs.org/@chevrotain/utils/-/utils-13.2.0.tgz",
      "integrity": "sha512-SzKYY68rseOrb9KILVzPsl6SjkQtdWw01SRGB5aCVI5kFcHltQsOYV3JB0Ffst72DgkvHCyDQ0NLwxtmCCf97Q==",
      "license": "Apache-2.0"
    },
    "node_modules/chevrotain": {
      "version": "13.2.0",
      "resolved": "https://registry.npmjs.org/chevrotain/-/chevrotain-13.2.0.tgz",
      "integrity": "sha512-GTouk5YzgBxlTPCaDn5q0q2EJKkrYmnPF+HmF8v0Qo4r3iyPG7HJivkN1wthCXZcm3sIcZFpGTRovLPNdJNRCA==",
      "license": "Apache-2.0",
      "dependencies": {
        "@chevrotain/cst-dts-gen": "13.2.0",
        "@chevrotain/gast": "13.2.0",
        "@chevrotain/regexp-to-ast": "13.2.0",
        "@chevrotain/types": "13.2.0",
        "@chevrotain/utils": "13.2.0"
      },
      "engines": {
        "node": ">=22.0.0"
      }
    },
    "node_modules/lex": {
      "version": "1.7.9",
      "resolved": "https://registry.npmjs.org/lex/-/lex-1.7.9.tgz",
      "integrity": "sha512-vzaalVBmFLnMaedq0QAsBAaXsWahzRpvnIBdBjj7y+7EKTS6lnziU2y/PsU2c6rV5qYj2B5IDw0uNJ9peXD0vw==",
      "deprecated": "Package no longer supported. Contact Support at https://www.npmjs.com/support for more info."
    },
    "node_modules/moo": {
      "version": "0.5.3",
      "resolved": "https://registry.npmjs.org/moo/-/moo-0.5.3.tgz",
      "integrity": "sha512-m2fmM2dDm7GZQsY7KK2cme8agi+AAljILjQnof7p1ZMDe6dQ4bdnSMx0cPppudoeNv5hEFQirN6u+O4fDE0IWA==",
      "license": "BSD-3-Clause"
    }
  }
}
